
Microsoft Visual Studio Solution File, Format Version 12.00
# Visual Studio Version 17
VisualStudioVersion = 17.9.34728.123
MinimumVisualStudioVersion = 10.0.40219.1
Project("{8BC9CEB8-8B4A-11D0-8D11-00A0C91BC942}") = "Project1", "Project1\Project1.vcxproj", "{0B5D16D5-E004-450E-ADF4-C6209FA7EF01}"
EndProject
Global
	GlobalSection(SolutionConfigurationPlatforms) = preSolution
		Debug|x64 = Debug|x64
		Debug|x86 = Debug|x86
		Release|x64 = Release|x64
		Release|x86 = Release|x86
	EndGlobalSection
	GlobalSection(ProjectConfigurationPlatforms) = postSolution
		{0B5D16D5-E004-450E-ADF4-C6209FA7EF01}.Debug|x64.ActiveCfg = Debug|x64
		{0B5D16D5-E004-450E-ADF4-C6209FA7EF01}.Debug|x64.Build.0 = Debug|x64
		{0B5D16D5-E004-450E-ADF4-C6209FA7EF01}.Debug|x86.ActiveCfg = Debug|Win32
		{0B5D16D5-E004-450E-ADF4-C6209FA7EF01}.Debug|x86.Build.0 = Debug|Win32
		{0B5D16D5-E004-450E-ADF4-C6209FA7EF01}.Release|x64.ActiveCfg = Release|x64
		{0B5D16D5-E004-450E-ADF4-C6209FA7EF01}.Release|x64.Build.0 = Release|x64
		{0B5D16D5-E004-450E-ADF4-C6209FA7EF01}.Release|x86.ActiveCfg = Release|Win32
		{0B5D16D5-E004-450E-ADF4-C6209FA7EF01}.Release|x86.Build.0 = Release|Win32
	EndGlobalSection
	GlobalSection(SolutionProperties) = preSolution
		HideSolutionNode = FALSE
	EndGlobalSection
	GlobalSection(ExtensibilityGlobals) = postSolution
		SolutionGuid = {E55BF146-6E0C-4E2B-9B6C-AA8CB3BD44BC}
	EndGlobalSection
EndGlobal
