
Microsoft Visual Studio Solution File, Format Version 12.00
# Visual Studio Version 16
VisualStudioVersion = 16.0.32413.511
MinimumVisualStudioVersion = 10.0.40219.1
Project("{8BC9CEB8-8B4A-11D0-8D11-00A0C91BC942}") = "LabProject00", "LabProject00\LabProject00.vcxproj", "{57C0D1D8-361D-454F-8042-5194ED723B36}"
EndProject
Project("{8BC9CEB8-8B4A-11D0-8D11-00A0C91BC942}") = "LabProject01", "LabProject01\LabProject01.vcxproj", "{CD729710-B51E-4A35-A888-E9817D9E57DF}"
EndProject
Project("{8BC9CEB8-8B4A-11D0-8D11-00A0C91BC942}") = "LabProject02", "LabProject02\LabProject02.vcxproj", "{C4F6C1E3-3663-4724-ACE7-2AFA2B30818C}"
EndProject
Project("{8BC9CEB8-8B4A-11D0-8D11-00A0C91BC942}") = "LabProject03", "LabProject03\LabProject03.vcxproj", "{B0E1021E-1D08-465E-931C-68F895CF9649}"
EndProject
Project("{8BC9CEB8-8B4A-11D0-8D11-00A0C91BC942}") = "LabProject04", "LabProject04\LabProject04.vcxproj", "{89CC42E6-6220-4E7D-B0F2-0D58093ECC30}"
EndProject
Project("{8BC9CEB8-8B4A-11D0-8D11-00A0C91BC942}") = "LabProject05", "LabProject05\LabProject05.vcxproj", "{CD2317CC-795A-44CE-9D63-8A155979AE5D}"
EndProject
Project("{8BC9CEB8-8B4A-11D0-8D11-00A0C91BC942}") = "LabProject06", "LabProject06\LabProject06.vcxproj", "{7A86E2C1-B60B-4566-97D5-CBDDEB6A2880}"
EndProject
Project("{8BC9CEB8-8B4A-11D0-8D11-00A0C91BC942}") = "LabProject07", "LabProject07\LabProject07.vcxproj", "{72E403EA-40EA-43C7-B157-5124FCF3A90E}"
EndProject
Project("{8BC9CEB8-8B4A-11D0-8D11-00A0C91BC942}") = "LabProject08", "LabProject08\LabProject08.vcxproj", "{78CE0827-F719-4DEF-A1B2-F28401275245}"
EndProject
Project("{8BC9CEB8-8B4A-11D0-8D11-00A0C91BC942}") = "LabProject09", "LabProject09\LabProject09.vcxproj", "{A2131F1E-04AC-4238-AE99-A755406E6001}"
EndProject
Project("{8BC9CEB8-8B4A-11D0-8D11-00A0C91BC942}") = "LabProject10", "LabProject10\LabProject10.vcxproj", "{D3553342-D716-41F3-B5A4-A66FA7D9476C}"
EndProject
Project("{8BC9CEB8-8B4A-11D0-8D11-00A0C91BC942}") = "LabProject11", "LabProject11\LabProject11.vcxproj", "{0EF77315-660A-4119-8605-1348ADB4215D}"
EndProject
Project("{8BC9CEB8-8B4A-11D0-8D11-00A0C91BC942}") = "LabProject12", "LabProject12\LabProject12.vcxproj", "{3566538A-5C53-4D07-8091-724633C1C53F}"
EndProject
Project("{8BC9CEB8-8B4A-11D0-8D11-00A0C91BC942}") = "LabProject14", "LabProject14\LabProject14.vcxproj", "{76BFA638-47FC-4FC4-9775-A933E58B9112}"
EndProject
Project("{8BC9CEB8-8B4A-11D0-8D11-00A0C91BC942}") = "LabProject17", "LabProject17\LabProject17.vcxproj", "{18291A59-2C2C-4730-B4FC-159B5A59230F}"
EndProject
Global
	GlobalSection(SolutionConfigurationPlatforms) = preSolution
		Debug|x64 = Debug|x64
		Debug|x86 = Debug|x86
		Release|x64 = Release|x64
		Release|x86 = Release|x86
	EndGlobalSection
	GlobalSection(ProjectConfigurationPlatforms) = postSolution
		{57C0D1D8-361D-454F-8042-5194ED723B36}.Debug|x64.ActiveCfg = Debug|x64
		{57C0D1D8-361D-454F-8042-5194ED723B36}.Debug|x64.Build.0 = Debug|x64
		{57C0D1D8-361D-454F-8042-5194ED723B36}.Debug|x86.ActiveCfg = Debug|Win32
		{57C0D1D8-361D-454F-8042-5194ED723B36}.Debug|x86.Build.0 = Debug|Win32
		{57C0D1D8-361D-454F-8042-5194ED723B36}.Release|x64.ActiveCfg = Release|x64
		{57C0D1D8-361D-454F-8042-5194ED723B36}.Release|x64.Build.0 = Release|x64
		{57C0D1D8-361D-454F-8042-5194ED723B36}.Release|x86.ActiveCfg = Release|Win32
		{57C0D1D8-361D-454F-8042-5194ED723B36}.Release|x86.Build.0 = Release|Win32
		{CD729710-B51E-4A35-A888-E9817D9E57DF}.Debug|x64.ActiveCfg = Debug|x64
		{CD729710-B51E-4A35-A888-E9817D9E57DF}.Debug|x64.Build.0 = Debug|x64
		{CD729710-B51E-4A35-A888-E9817D9E57DF}.Debug|x86.ActiveCfg = Debug|Win32
		{CD729710-B51E-4A35-A888-E9817D9E57DF}.Debug|x86.Build.0 = Debug|Win32
		{CD729710-B51E-4A35-A888-E9817D9E57DF}.Release|x64.ActiveCfg = Release|x64
		{CD729710-B51E-4A35-A888-E9817D9E57DF}.Release|x64.Build.0 = Release|x64
		{CD729710-B51E-4A35-A888-E9817D9E57DF}.Release|x86.ActiveCfg = Release|Win32
		{CD729710-B51E-4A35-A888-E9817D9E57DF}.Release|x86.Build.0 = Release|Win32
		{C4F6C1E3-3663-4724-ACE7-2AFA2B30818C}.Debug|x64.ActiveCfg = Debug|x64
		{C4F6C1E3-3663-4724-ACE7-2AFA2B30818C}.Debug|x64.Build.0 = Debug|x64
		{C4F6C1E3-3663-4724-ACE7-2AFA2B30818C}.Debug|x86.ActiveCfg = Debug|Win32
		{C4F6C1E3-3663-4724-ACE7-2AFA2B30818C}.Debug|x86.Build.0 = Debug|Win32
		{C4F6C1E3-3663-4724-ACE7-2AFA2B30818C}.Release|x64.ActiveCfg = Release|x64
		{C4F6C1E3-3663-4724-ACE7-2AFA2B30818C}.Release|x64.Build.0 = Release|x64
		{C4F6C1E3-3663-4724-ACE7-2AFA2B30818C}.Release|x86.ActiveCfg = Release|Win32
		{C4F6C1E3-3663-4724-ACE7-2AFA2B30818C}.Release|x86.Build.0 = Release|Win32
		{B0E1021E-1D08-465E-931C-68F895CF9649}.Debug|x64.ActiveCfg = Debug|x64
		{B0E1021E-1D08-465E-931C-68F895CF9649}.Debug|x64.Build.0 = Debug|x64
		{B0E1021E-1D08-465E-931C-68F895CF9649}.Debug|x86.ActiveCfg = Debug|Win32
		{B0E1021E-1D08-465E-931C-68F895CF9649}.Debug|x86.Build.0 = Debug|Win32
		{B0E1021E-1D08-465E-931C-68F895CF9649}.Release|x64.ActiveCfg = Release|x64
		{B0E1021E-1D08-465E-931C-68F895CF9649}.Release|x64.Build.0 = Release|x64
		{B0E1021E-1D08-465E-931C-68F895CF9649}.Release|x86.ActiveCfg = Release|Win32
		{B0E1021E-1D08-465E-931C-68F895CF9649}.Release|x86.Build.0 = Release|Win32
		{89CC42E6-6220-4E7D-B0F2-0D58093ECC30}.Debug|x64.ActiveCfg = Debug|x64
		{89CC42E6-6220-4E7D-B0F2-0D58093ECC30}.Debug|x64.Build.0 = Debug|x64
		{89CC42E6-6220-4E7D-B0F2-0D58093ECC30}.Debug|x86.ActiveCfg = Debug|Win32
		{89CC42E6-6220-4E7D-B0F2-0D58093ECC30}.Debug|x86.Build.0 = Debug|Win32
		{89CC42E6-6220-4E7D-B0F2-0D58093ECC30}.Release|x64.ActiveCfg = Release|x64
		{89CC42E6-6220-4E7D-B0F2-0D58093ECC30}.Release|x64.Build.0 = Release|x64
		{89CC42E6-6220-4E7D-B0F2-0D58093ECC30}.Release|x86.ActiveCfg = Release|Win32
		{89CC42E6-6220-4E7D-B0F2-0D58093ECC30}.Release|x86.Build.0 = Release|Win32
		{CD2317CC-795A-44CE-9D63-8A155979AE5D}.Debug|x64.ActiveCfg = Debug|x64
		{CD2317CC-795A-44CE-9D63-8A155979AE5D}.Debug|x64.Build.0 = Debug|x64
		{CD2317CC-795A-44CE-9D63-8A155979AE5D}.Debug|x86.ActiveCfg = Debug|Win32
		{CD2317CC-795A-44CE-9D63-8A155979AE5D}.Debug|x86.Build.0 = Debug|Win32
		{CD2317CC-795A-44CE-9D63-8A155979AE5D}.Release|x64.ActiveCfg = Release|x64
		{CD2317CC-795A-44CE-9D63-8A155979AE5D}.Release|x64.Build.0 = Release|x64
		{CD2317CC-795A-44CE-9D63-8A155979AE5D}.Release|x86.ActiveCfg = Release|Win32
		{CD2317CC-795A-44CE-9D63-8A155979AE5D}.Release|x86.Build.0 = Release|Win32
		{7A86E2C1-B60B-4566-97D5-CBDDEB6A2880}.Debug|x64.ActiveCfg = Debug|x64
		{7A86E2C1-B60B-4566-97D5-CBDDEB6A2880}.Debug|x64.Build.0 = Debug|x64
		{7A86E2C1-B60B-4566-97D5-CBDDEB6A2880}.Debug|x86.ActiveCfg = Debug|Win32
		{7A86E2C1-B60B-4566-97D5-CBDDEB6A2880}.Debug|x86.Build.0 = Debug|Win32
		{7A86E2C1-B60B-4566-97D5-CBDDEB6A2880}.Release|x64.ActiveCfg = Release|x64
		{7A86E2C1-B60B-4566-97D5-CBDDEB6A2880}.Release|x64.Build.0 = Release|x64
		{7A86E2C1-B60B-4566-97D5-CBDDEB6A2880}.Release|x86.ActiveCfg = Release|Win32
		{7A86E2C1-B60B-4566-97D5-CBDDEB6A2880}.Release|x86.Build.0 = Release|Win32
		{72E403EA-40EA-43C7-B157-5124FCF3A90E}.Debug|x64.ActiveCfg = Debug|x64
		{72E403EA-40EA-43C7-B157-5124FCF3A90E}.Debug|x64.Build.0 = Debug|x64
		{72E403EA-40EA-43C7-B157-5124FCF3A90E}.Debug|x86.ActiveCfg = Debug|Win32
		{72E403EA-40EA-43C7-B157-5124FCF3A90E}.Debug|x86.Build.0 = Debug|Win32
		{72E403EA-40EA-43C7-B157-5124FCF3A90E}.Release|x64.ActiveCfg = Release|x64
		{72E403EA-40EA-43C7-B157-5124FCF3A90E}.Release|x64.Build.0 = Release|x64
		{72E403EA-40EA-43C7-B157-5124FCF3A90E}.Release|x86.ActiveCfg = Release|Win32
		{72E403EA-40EA-43C7-B157-5124FCF3A90E}.Release|x86.Build.0 = Release|Win32
		{78CE0827-F719-4DEF-A1B2-F28401275245}.Debug|x64.ActiveCfg = Debug|x64
		{78CE0827-F719-4DEF-A1B2-F28401275245}.Debug|x64.Build.0 = Debug|x64
		{78CE0827-F719-4DEF-A1B2-F28401275245}.Debug|x86.ActiveCfg = Debug|Win32
		{78CE0827-F719-4DEF-A1B2-F28401275245}.Debug|x86.Build.0 = Debug|Win32
		{78CE0827-F719-4DEF-A1B2-F28401275245}.Release|x64.ActiveCfg = Release|x64
		{78CE0827-F719-4DEF-A1B2-F28401275245}.Release|x64.Build.0 = Release|x64
		{78CE0827-F719-4DEF-A1B2-F28401275245}.Release|x86.ActiveCfg = Release|Win32
		{78CE0827-F719-4DEF-A1B2-F28401275245}.Release|x86.Build.0 = Release|Win32
		{A2131F1E-04AC-4238-AE99-A755406E6001}.Debug|x64.ActiveCfg = Debug|x64
		{A2131F1E-04AC-4238-AE99-A755406E6001}.Debug|x64.Build.0 = Debug|x64
		{A2131F1E-04AC-4238-AE99-A755406E6001}.Debug|x86.ActiveCfg = Debug|Win32
		{A2131F1E-04AC-4238-AE99-A755406E6001}.Debug|x86.Build.0 = Debug|Win32
		{A2131F1E-04AC-4238-AE99-A755406E6001}.Release|x64.ActiveCfg = Release|x64
		{A2131F1E-04AC-4238-AE99-A755406E6001}.Release|x64.Build.0 = Release|x64
		{A2131F1E-04AC-4238-AE99-A755406E6001}.Release|x86.ActiveCfg = Release|Win32
		{A2131F1E-04AC-4238-AE99-A755406E6001}.Release|x86.Build.0 = Release|Win32
		{D3553342-D716-41F3-B5A4-A66FA7D9476C}.Debug|x64.ActiveCfg = Debug|x64
		{D3553342-D716-41F3-B5A4-A66FA7D9476C}.Debug|x64.Build.0 = Debug|x64
		{D3553342-D716-41F3-B5A4-A66FA7D9476C}.Debug|x86.ActiveCfg = Debug|Win32
		{D3553342-D716-41F3-B5A4-A66FA7D9476C}.Debug|x86.Build.0 = Debug|Win32
		{D3553342-D716-41F3-B5A4-A66FA7D9476C}.Release|x64.ActiveCfg = Release|x64
		{D3553342-D716-41F3-B5A4-A66FA7D9476C}.Release|x64.Build.0 = Release|x64
		{D3553342-D716-41F3-B5A4-A66FA7D9476C}.Release|x86.ActiveCfg = Release|Win32
		{D3553342-D716-41F3-B5A4-A66FA7D9476C}.Release|x86.Build.0 = Release|Win32
		{0EF77315-660A-4119-8605-1348ADB4215D}.Debug|x64.ActiveCfg = Debug|x64
		{0EF77315-660A-4119-8605-1348ADB4215D}.Debug|x64.Build.0 = Debug|x64
		{0EF77315-660A-4119-8605-1348ADB4215D}.Debug|x86.ActiveCfg = Debug|Win32
		{0EF77315-660A-4119-8605-1348ADB4215D}.Debug|x86.Build.0 = Debug|Win32
		{0EF77315-660A-4119-8605-1348ADB4215D}.Release|x64.ActiveCfg = Release|x64
		{0EF77315-660A-4119-8605-1348ADB4215D}.Release|x64.Build.0 = Release|x64
		{0EF77315-660A-4119-8605-1348ADB4215D}.Release|x86.ActiveCfg = Release|Win32
		{0EF77315-660A-4119-8605-1348ADB4215D}.Release|x86.Build.0 = Release|Win32
		{3566538A-5C53-4D07-8091-724633C1C53F}.Debug|x64.ActiveCfg = Debug|x64
		{3566538A-5C53-4D07-8091-724633C1C53F}.Debug|x64.Build.0 = Debug|x64
		{3566538A-5C53-4D07-8091-724633C1C53F}.Debug|x86.ActiveCfg = Debug|Win32
		{3566538A-5C53-4D07-8091-724633C1C53F}.Debug|x86.Build.0 = Debug|Win32
		{3566538A-5C53-4D07-8091-724633C1C53F}.Release|x64.ActiveCfg = Release|x64
		{3566538A-5C53-4D07-8091-724633C1C53F}.Release|x64.Build.0 = Release|x64
		{3566538A-5C53-4D07-8091-724633C1C53F}.Release|x86.ActiveCfg = Release|Win32
		{3566538A-5C53-4D07-8091-724633C1C53F}.Release|x86.Build.0 = Release|Win32
		{76BFA638-47FC-4FC4-9775-A933E58B9112}.Debug|x64.ActiveCfg = Debug|x64
		{76BFA638-47FC-4FC4-9775-A933E58B9112}.Debug|x64.Build.0 = Debug|x64
		{76BFA638-47FC-4FC4-9775-A933E58B9112}.Debug|x86.ActiveCfg = Debug|Win32
		{76BFA638-47FC-4FC4-9775-A933E58B9112}.Debug|x86.Build.0 = Debug|Win32
		{76BFA638-47FC-4FC4-9775-A933E58B9112}.Release|x64.ActiveCfg = Release|x64
		{76BFA638-47FC-4FC4-9775-A933E58B9112}.Release|x64.Build.0 = Release|x64
		{76BFA638-47FC-4FC4-9775-A933E58B9112}.Release|x86.ActiveCfg = Release|Win32
		{76BFA638-47FC-4FC4-9775-A933E58B9112}.Release|x86.Build.0 = Release|Win32
		{18291A59-2C2C-4730-B4FC-159B5A59230F}.Debug|x64.ActiveCfg = Debug|x64
		{18291A59-2C2C-4730-B4FC-159B5A59230F}.Debug|x64.Build.0 = Debug|x64
		{18291A59-2C2C-4730-B4FC-159B5A59230F}.Debug|x86.ActiveCfg = Debug|Win32
		{18291A59-2C2C-4730-B4FC-159B5A59230F}.Debug|x86.Build.0 = Debug|Win32
		{18291A59-2C2C-4730-B4FC-159B5A59230F}.Release|x64.ActiveCfg = Release|x64
		{18291A59-2C2C-4730-B4FC-159B5A59230F}.Release|x64.Build.0 = Release|x64
		{18291A59-2C2C-4730-B4FC-159B5A59230F}.Release|x86.ActiveCfg = Release|Win32
		{18291A59-2C2C-4730-B4FC-159B5A59230F}.Release|x86.Build.0 = Release|Win32
	EndGlobalSection
	GlobalSection(SolutionProperties) = preSolution
		HideSolutionNode = FALSE
	EndGlobalSection
	GlobalSection(ExtensibilityGlobals) = postSolution
		SolutionGuid = {885651A6-F97F-4CE9-81C6-0E1FD4FD7F46}
	EndGlobalSection
EndGlobal
