
Microsoft Visual Studio Solution File, Format Version 12.00
# Visual Studio Version 17
VisualStudioVersion = 17.9.34723.18
MinimumVisualStudioVersion = 10.0.40219.1
Project("{8BC9CEB8-8B4A-11D0-8D11-00A0C91BC942}") = "MidExam", "MidExam.vcxproj", "{4AADD878-2CD3-4648-8B5C-30E5D3D26BDD}"
EndProject
Global
	GlobalSection(SolutionConfigurationPlatforms) = preSolution
		Debug|x64 = Debug|x64
		Debug|x86 = Debug|x86
		Release|x64 = Release|x64
		Release|x86 = Release|x86
	EndGlobalSection
	GlobalSection(ProjectConfigurationPlatforms) = postSolution
		{4AADD878-2CD3-4648-8B5C-30E5D3D26BDD}.Debug|x64.ActiveCfg = Debug|x64
		{4AADD878-2CD3-4648-8B5C-30E5D3D26BDD}.Debug|x64.Build.0 = Debug|x64
		{4AADD878-2CD3-4648-8B5C-30E5D3D26BDD}.Debug|x86.ActiveCfg = Debug|Win32
		{4AADD878-2CD3-4648-8B5C-30E5D3D26BDD}.Debug|x86.Build.0 = Debug|Win32
		{4AADD878-2CD3-4648-8B5C-30E5D3D26BDD}.Release|x64.ActiveCfg = Release|x64
		{4AADD878-2CD3-4648-8B5C-30E5D3D26BDD}.Release|x64.Build.0 = Release|x64
		{4AADD878-2CD3-4648-8B5C-30E5D3D26BDD}.Release|x86.ActiveCfg = Release|Win32
		{4AADD878-2CD3-4648-8B5C-30E5D3D26BDD}.Release|x86.Build.0 = Release|Win32
	EndGlobalSection
	GlobalSection(SolutionProperties) = preSolution
		HideSolutionNode = FALSE
	EndGlobalSection
	GlobalSection(ExtensibilityGlobals) = postSolution
		SolutionGuid = {7131300B-F3AE-4B47-AC4C-53E2AA63FF61}
	EndGlobalSection
EndGlobal
